
Microsoft Visual Studio Solution File, Format Version 12.00
# Visual Studio Version 16
VisualStudioVersion = 16.0.30503.244
MinimumVisualStudioVersion = 10.0.40219.1
Project("{FAE04EC0-301F-11D3-BF4B-00C04F79EFBC}") = "PasswordGenerator", "PasswordGenerator\PasswordGenerator.csproj", "{10EB216B-D446-43FB-8B21-AC122C6386E5}"
EndProject
Project("{FAE04EC0-301F-11D3-BF4B-00C04F79EFBC}") = "PasswordLogic", "PasswordLogic\PasswordLogic.csproj", "{DD2F6FFD-E07D-4775-B5AC-DB99613D4A4D}"
EndProject
Project("{FAE04EC0-301F-11D3-BF4B-00C04F79EFBC}") = "LoginManagerLogic", "LoginManagerLogic\LoginManagerLogic.csproj", "{D5136EB8-B99A-42C0-9107-2AA1CDFE2658}"
EndProject
Global
	GlobalSection(SolutionConfigurationPlatforms) = preSolution
		Debug|Any CPU = Debug|Any CPU
		Release|Any CPU = Release|Any CPU
	EndGlobalSection
	GlobalSection(ProjectConfigurationPlatforms) = postSolution
		{10EB216B-D446-43FB-8B21-AC122C6386E5}.Debug|Any CPU.ActiveCfg = Debug|Any CPU
		{10EB216B-D446-43FB-8B21-AC122C6386E5}.Debug|Any CPU.Build.0 = Debug|Any CPU
		{10EB216B-D446-43FB-8B21-AC122C6386E5}.Release|Any CPU.ActiveCfg = Release|Any CPU
		{10EB216B-D446-43FB-8B21-AC122C6386E5}.Release|Any CPU.Build.0 = Release|Any CPU
		{DD2F6FFD-E07D-4775-B5AC-DB99613D4A4D}.Debug|Any CPU.ActiveCfg = Debug|Any CPU
		{DD2F6FFD-E07D-4775-B5AC-DB99613D4A4D}.Debug|Any CPU.Build.0 = Debug|Any CPU
		{DD2F6FFD-E07D-4775-B5AC-DB99613D4A4D}.Release|Any CPU.ActiveCfg = Release|Any CPU
		{DD2F6FFD-E07D-4775-B5AC-DB99613D4A4D}.Release|Any CPU.Build.0 = Release|Any CPU
		{D5136EB8-B99A-42C0-9107-2AA1CDFE2658}.Debug|Any CPU.ActiveCfg = Debug|Any CPU
		{D5136EB8-B99A-42C0-9107-2AA1CDFE2658}.Debug|Any CPU.Build.0 = Debug|Any CPU
		{D5136EB8-B99A-42C0-9107-2AA1CDFE2658}.Release|Any CPU.ActiveCfg = Release|Any CPU
		{D5136EB8-B99A-42C0-9107-2AA1CDFE2658}.Release|Any CPU.Build.0 = Release|Any CPU
	EndGlobalSection
	GlobalSection(SolutionProperties) = preSolution
		HideSolutionNode = FALSE
	EndGlobalSection
	GlobalSection(ExtensibilityGlobals) = postSolution
		SolutionGuid = {BD26CC67-FC3D-4770-9864-148BFE21333B}
	EndGlobalSection
EndGlobal
